
Microsoft Visual Studio Solution File, Format Version 11.00
# Visual Studio 2010
Project("{FAE04EC0-301F-11D3-BF4B-00C04F79EFBC}") = "ChartControlsV2", "ChartControlsV2\ChartControlsV2.csproj", "{4DBE94A0-932B-4273-968C-A38EDD13DC33}"
EndProject
Project("{FAE04EC0-301F-11D3-BF4B-00C04F79EFBC}") = "GaugeControlsV2", "GaugeControlsV2\GaugeControlsV2.csproj", "{C923E224-4549-4CC6-8491-172496E33C88}"
EndProject
Global
	GlobalSection(SolutionConfigurationPlatforms) = preSolution
		Debug|Any CPU = Debug|Any CPU
		Release|Any CPU = Release|Any CPU
	EndGlobalSection
	GlobalSection(ProjectConfigurationPlatforms) = postSolution
		{4DBE94A0-932B-4273-968C-A38EDD13DC33}.Debug|Any CPU.ActiveCfg = Debug|Any CPU
		{4DBE94A0-932B-4273-968C-A38EDD13DC33}.Debug|Any CPU.Build.0 = Debug|Any CPU
		{4DBE94A0-932B-4273-968C-A38EDD13DC33}.Release|Any CPU.ActiveCfg = Release|Any CPU
		{4DBE94A0-932B-4273-968C-A38EDD13DC33}.Release|Any CPU.Build.0 = Release|Any CPU
		{C923E224-4549-4CC6-8491-172496E33C88}.Debug|Any CPU.ActiveCfg = Debug|Any CPU
		{C923E224-4549-4CC6-8491-172496E33C88}.Debug|Any CPU.Build.0 = Debug|Any CPU
		{C923E224-4549-4CC6-8491-172496E33C88}.Release|Any CPU.ActiveCfg = Release|Any CPU
		{C923E224-4549-4CC6-8491-172496E33C88}.Release|Any CPU.Build.0 = Release|Any CPU
	EndGlobalSection
	GlobalSection(SolutionProperties) = preSolution
		HideSolutionNode = FALSE
	EndGlobalSection
EndGlobal
